Microsoft Visual Studio Solution File, Format Version 12.00
# Visual Studio Express 2013 for Windows Desktop
Project("{8BC9CEB8-8B4A-11D0-8D11-00A0C91BC942}") = "ALL_BUILD", "ALL_BUILD.vcxproj", "{7B5A7E26-FF4A-4F25-BECE-731CBA7BF6A2}"
	ProjectSection(ProjectDependencies) = postProject
		{DCF2AE87-A6C5-475E-BB5B-BAF73C785A02} = {DCF2AE87-A6C5-475E-BB5B-BAF73C785A02}
		{9F73CEB5-377B-42A5-A4CB-154F10D86997} = {9F73CEB5-377B-42A5-A4CB-154F10D86997}
		{FA361153-E684-4747-B35E-F549E200578E} = {FA361153-E684-4747-B35E-F549E200578E}
		{716E3242-AE58-4D4E-80B4-8C8418286E60} = {716E3242-AE58-4D4E-80B4-8C8418286E60}
		{9E176184-634F-43D5-9151-45668D93749B} = {9E176184-634F-43D5-9151-45668D93749B}
		{5E93E92A-6F0F-4495-9C18-29759DCD366A} = {5E93E92A-6F0F-4495-9C18-29759DCD366A}
		{DA2D540B-B780-46C8-BB51-9CDD203BF6ED} = {DA2D540B-B780-46C8-BB51-9CDD203BF6ED}
		{06BC4166-54DA-45AB-8807-D9B7074DE500} = {06BC4166-54DA-45AB-8807-D9B7074DE500}
		{0E8A6ECE-913E-4FEA-BEAD-31F8795D3353} = {0E8A6ECE-913E-4FEA-BEAD-31F8795D3353}
		{8373C62D-328F-41A5-882B-55FEB000E784} = {8373C62D-328F-41A5-882B-55FEB000E784}
		{AFA61B4E-23C5-402B-A702-D365D0226559} = {AFA61B4E-23C5-402B-A702-D365D0226559}
		{E961DFF3-D2E7-40EE-9623-C53F73B5EAB9} = {E961DFF3-D2E7-40EE-9623-C53F73B5EAB9}
		{3B51EC37-643A-4C58-BA70-3DE88357DAAC} = {3B51EC37-643A-4C58-BA70-3DE88357DAAC}
		{9D9A4186-48A8-4EE0-9307-35DC8AE3DDDA} = {9D9A4186-48A8-4EE0-9307-35DC8AE3DDDA}
		{7E47DAC0-8254-4149-8244-E6F81EE2C8BA} = {7E47DAC0-8254-4149-8244-E6F81EE2C8BA}
		{277B90CA-C937-446F-8FA6-62BC08A91384} = {277B90CA-C937-446F-8FA6-62BC08A91384}
		{03E1D8E5-8754-4644-B11B-BA4700131270} = {03E1D8E5-8754-4644-B11B-BA4700131270}
		{C2C6282B-E17C-446D-B2D5-04D1511CC9C8} = {C2C6282B-E17C-446D-B2D5-04D1511CC9C8}
		{C397DF77-62EF-4FA7-BFE4-46E5AB9A7970} = {C397DF77-62EF-4FA7-BFE4-46E5AB9A7970}
		{D5EB3F1B-EF1A-4C0A-A5F6-A255E898892A} = {D5EB3F1B-EF1A-4C0A-A5F6-A255E898892A}
		{EB7BC7C2-59D3-4BF0-B1AC-1A5EA9ABE037} = {EB7BC7C2-59D3-4BF0-B1AC-1A5EA9ABE037}
		{BAB43A5D-6EE6-43D7-B863-F2580AB955A6} = {BAB43A5D-6EE6-43D7-B863-F2580AB955A6}
		{CC1ADE83-A427-4A09-8B84-2D9121F524BF} = {CC1ADE83-A427-4A09-8B84-2D9121F524BF}
		{E247C01B-E6F5-46D9-A9DF-9B1930161F03} = {E247C01B-E6F5-46D9-A9DF-9B1930161F03}
		{2035C9FF-5E1C-4529-9DFD-2AEDBBC4AEB5} = {2035C9FF-5E1C-4529-9DFD-2AEDBBC4AEB5}
		{694B2B36-CC41-43B9-BE59-A5A3920719BD} = {694B2B36-CC41-43B9-BE59-A5A3920719BD}
		{DD333DB8-CF38-4A2F-8DC1-4841FE4E6DBF} = {DD333DB8-CF38-4A2F-8DC1-4841FE4E6DBF}
		{BC300B47-B671-4B9A-AA9A-5B781A8BE76B} = {BC300B47-B671-4B9A-AA9A-5B781A8BE76B}
		{CCA41CE7-8F46-4AC7-B628-3BC3C03E74D6} = {CCA41CE7-8F46-4AC7-B628-3BC3C03E74D6}
		{BC119A95-036B-450C-A7D8-777F5F8231A0} = {BC119A95-036B-450C-A7D8-777F5F8231A0}
		{9F474099-53CC-4E0F-BD40-D7B24123316B} = {9F474099-53CC-4E0F-BD40-D7B24123316B}
		{B7C7B33B-BAAF-4409-A47D-4A9A26D5755E} = {B7C7B33B-BAAF-4409-A47D-4A9A26D5755E}
		{EDC86C94-3780-4F3B-B18D-6DF7CC568F0E} = {EDC86C94-3780-4F3B-B18D-6DF7CC568F0E}
		{F31E63EF-0AC9-4BA5-9B9B-16650915BAD1} = {F31E63EF-0AC9-4BA5-9B9B-16650915BAD1}
		{A1F69D70-AF2A-48FD-A29E-819756416047} = {A1F69D70-AF2A-48FD-A29E-819756416047}
		{3507BA76-4115-4497-844D-E92B9AF90BC1} = {3507BA76-4115-4497-844D-E92B9AF90BC1}
	EndProjectSection
EndProject
Project("{8BC9CEB8-8B4A-11D0-8D11-00A0C91BC942}") = "ANTTWEAKBAR_116_OGLCORE_GLFW", "external\ANTTWEAKBAR_116_OGLCORE_GLFW.vcxproj", "{DCF2AE87-A6C5-475E-BB5B-BAF73C785A02}"
	ProjectSection(ProjectDependencies) = postProject
		{06BC4166-54DA-45AB-8807-D9B7074DE500} = {06BC4166-54DA-45AB-8807-D9B7074DE500}
	EndProjectSection
EndProject
Project("{8BC9CEB8-8B4A-11D0-8D11-00A0C91BC942}") = "BulletCollision", "external\bullet-2.81-rev2613\src\BulletCollision\BulletCollision.vcxproj", "{9F73CEB5-377B-42A5-A4CB-154F10D86997}"
	ProjectSection(ProjectDependencies) = postProject
		{06BC4166-54DA-45AB-8807-D9B7074DE500} = {06BC4166-54DA-45AB-8807-D9B7074DE500}
	EndProjectSection
EndProject
Project("{8BC9CEB8-8B4A-11D0-8D11-00A0C91BC942}") = "BulletDynamics", "external\bullet-2.81-rev2613\src\BulletDynamics\BulletDynamics.vcxproj", "{FA361153-E684-4747-B35E-F549E200578E}"
	ProjectSection(ProjectDependencies) = postProject
		{06BC4166-54DA-45AB-8807-D9B7074DE500} = {06BC4166-54DA-45AB-8807-D9B7074DE500}
	EndProjectSection
EndProject
Project("{8BC9CEB8-8B4A-11D0-8D11-00A0C91BC942}") = "BulletSoftBody", "external\bullet-2.81-rev2613\src\BulletSoftBody\BulletSoftBody.vcxproj", "{716E3242-AE58-4D4E-80B4-8C8418286E60}"
	ProjectSection(ProjectDependencies) = postProject
		{06BC4166-54DA-45AB-8807-D9B7074DE500} = {06BC4166-54DA-45AB-8807-D9B7074DE500}
	EndProjectSection
EndProject
Project("{8BC9CEB8-8B4A-11D0-8D11-00A0C91BC942}") = "GLEW_190", "external\GLEW_190.vcxproj", "{9E176184-634F-43D5-9151-45668D93749B}"
	ProjectSection(ProjectDependencies) = postProject
		{06BC4166-54DA-45AB-8807-D9B7074DE500} = {06BC4166-54DA-45AB-8807-D9B7074DE500}
	EndProjectSection
EndProject
Project("{8BC9CEB8-8B4A-11D0-8D11-00A0C91BC942}") = "GLFW_303", "external\glfw-3.0.3\src\GLFW_303.vcxproj", "{5E93E92A-6F0F-4495-9C18-29759DCD366A}"
	ProjectSection(ProjectDependencies) = postProject
		{06BC4166-54DA-45AB-8807-D9B7074DE500} = {06BC4166-54DA-45AB-8807-D9B7074DE500}
	EndProjectSection
EndProject
Project("{8BC9CEB8-8B4A-11D0-8D11-00A0C91BC942}") = "INSTALL", "INSTALL.vcxproj", "{3C777445-9FF6-4742-83C4-7C2A15D6B112}"
	ProjectSection(ProjectDependencies) = postProject
		{7B5A7E26-FF4A-4F25-BECE-731CBA7BF6A2} = {7B5A7E26-FF4A-4F25-BECE-731CBA7BF6A2}
	EndProjectSection
EndProject
Project("{8BC9CEB8-8B4A-11D0-8D11-00A0C91BC942}") = "LinearMath", "external\bullet-2.81-rev2613\src\LinearMath\LinearMath.vcxproj", "{DA2D540B-B780-46C8-BB51-9CDD203BF6ED}"
	ProjectSection(ProjectDependencies) = postProject
		{06BC4166-54DA-45AB-8807-D9B7074DE500} = {06BC4166-54DA-45AB-8807-D9B7074DE500}
	EndProjectSection
EndProject
Project("{8BC9CEB8-8B4A-11D0-8D11-00A0C91BC942}") = "ZERO_CHECK", "ZERO_CHECK.vcxproj", "{06BC4166-54DA-45AB-8807-D9B7074DE500}"
	ProjectSection(ProjectDependencies) = postProject
	EndProjectSection
EndProject
Project("{8BC9CEB8-8B4A-11D0-8D11-00A0C91BC942}") = "assimp", "external\assimp-3.0.1270\code\assimp.vcxproj", "{0E8A6ECE-913E-4FEA-BEAD-31F8795D3353}"
	ProjectSection(ProjectDependencies) = postProject
		{06BC4166-54DA-45AB-8807-D9B7074DE500} = {06BC4166-54DA-45AB-8807-D9B7074DE500}
		{3507BA76-4115-4497-844D-E92B9AF90BC1} = {3507BA76-4115-4497-844D-E92B9AF90BC1}
	EndProjectSection
EndProject
Project("{8BC9CEB8-8B4A-11D0-8D11-00A0C91BC942}") = "misc05_picking_BulletPhysics", "misc05_picking_BulletPhysics.vcxproj", "{8373C62D-328F-41A5-882B-55FEB000E784}"
	ProjectSection(ProjectDependencies) = postProject
		{DCF2AE87-A6C5-475E-BB5B-BAF73C785A02} = {DCF2AE87-A6C5-475E-BB5B-BAF73C785A02}
		{9F73CEB5-377B-42A5-A4CB-154F10D86997} = {9F73CEB5-377B-42A5-A4CB-154F10D86997}
		{FA361153-E684-4747-B35E-F549E200578E} = {FA361153-E684-4747-B35E-F549E200578E}
		{9E176184-634F-43D5-9151-45668D93749B} = {9E176184-634F-43D5-9151-45668D93749B}
		{5E93E92A-6F0F-4495-9C18-29759DCD366A} = {5E93E92A-6F0F-4495-9C18-29759DCD366A}
		{DA2D540B-B780-46C8-BB51-9CDD203BF6ED} = {DA2D540B-B780-46C8-BB51-9CDD203BF6ED}
		{06BC4166-54DA-45AB-8807-D9B7074DE500} = {06BC4166-54DA-45AB-8807-D9B7074DE500}
	EndProjectSection
EndProject
Project("{8BC9CEB8-8B4A-11D0-8D11-00A0C91BC942}") = "misc05_picking_custom", "misc05_picking_custom.vcxproj", "{AFA61B4E-23C5-402B-A702-D365D0226559}"
	ProjectSection(ProjectDependencies) = postProject
		{DCF2AE87-A6C5-475E-BB5B-BAF73C785A02} = {DCF2AE87-A6C5-475E-BB5B-BAF73C785A02}
		{9E176184-634F-43D5-9151-45668D93749B} = {9E176184-634F-43D5-9151-45668D93749B}
		{5E93E92A-6F0F-4495-9C18-29759DCD366A} = {5E93E92A-6F0F-4495-9C18-29759DCD366A}
		{06BC4166-54DA-45AB-8807-D9B7074DE500} = {06BC4166-54DA-45AB-8807-D9B7074DE500}
	EndProjectSection
EndProject
Project("{8BC9CEB8-8B4A-11D0-8D11-00A0C91BC942}") = "misc05_picking_slow_easy", "misc05_picking_slow_easy.vcxproj", "{E961DFF3-D2E7-40EE-9623-C53F73B5EAB9}"
	ProjectSection(ProjectDependencies) = postProject
		{DCF2AE87-A6C5-475E-BB5B-BAF73C785A02} = {DCF2AE87-A6C5-475E-BB5B-BAF73C785A02}
		{9E176184-634F-43D5-9151-45668D93749B} = {9E176184-634F-43D5-9151-45668D93749B}
		{5E93E92A-6F0F-4495-9C18-29759DCD366A} = {5E93E92A-6F0F-4495-9C18-29759DCD366A}
		{06BC4166-54DA-45AB-8807-D9B7074DE500} = {06BC4166-54DA-45AB-8807-D9B7074DE500}
	EndProjectSection
EndProject
Project("{8BC9CEB8-8B4A-11D0-8D11-00A0C91BC942}") = "playground", "playground.vcxproj", "{3B51EC37-643A-4C58-BA70-3DE88357DAAC}"
	ProjectSection(ProjectDependencies) = postProject
		{9E176184-634F-43D5-9151-45668D93749B} = {9E176184-634F-43D5-9151-45668D93749B}
		{5E93E92A-6F0F-4495-9C18-29759DCD366A} = {5E93E92A-6F0F-4495-9C18-29759DCD366A}
		{06BC4166-54DA-45AB-8807-D9B7074DE500} = {06BC4166-54DA-45AB-8807-D9B7074DE500}
	EndProjectSection
EndProject
Project("{8BC9CEB8-8B4A-11D0-8D11-00A0C91BC942}") = "tutorial01_first_window", "tutorial01_first_window.vcxproj", "{9D9A4186-48A8-4EE0-9307-35DC8AE3DDDA}"
	ProjectSection(ProjectDependencies) = postProject
		{9E176184-634F-43D5-9151-45668D93749B} = {9E176184-634F-43D5-9151-45668D93749B}
		{5E93E92A-6F0F-4495-9C18-29759DCD366A} = {5E93E92A-6F0F-4495-9C18-29759DCD366A}
		{06BC4166-54DA-45AB-8807-D9B7074DE500} = {06BC4166-54DA-45AB-8807-D9B7074DE500}
	EndProjectSection
EndProject
Project("{8BC9CEB8-8B4A-11D0-8D11-00A0C91BC942}") = "tutorial02_red_triangle", "tutorial02_red_triangle.vcxproj", "{7E47DAC0-8254-4149-8244-E6F81EE2C8BA}"
	ProjectSection(ProjectDependencies) = postProject
		{9E176184-634F-43D5-9151-45668D93749B} = {9E176184-634F-43D5-9151-45668D93749B}
		{5E93E92A-6F0F-4495-9C18-29759DCD366A} = {5E93E92A-6F0F-4495-9C18-29759DCD366A}
		{06BC4166-54DA-45AB-8807-D9B7074DE500} = {06BC4166-54DA-45AB-8807-D9B7074DE500}
	EndProjectSection
EndProject
Project("{8BC9CEB8-8B4A-11D0-8D11-00A0C91BC942}") = "tutorial03_matrices", "tutorial03_matrices.vcxproj", "{277B90CA-C937-446F-8FA6-62BC08A91384}"
	ProjectSection(ProjectDependencies) = postProject
		{9E176184-634F-43D5-9151-45668D93749B} = {9E176184-634F-43D5-9151-45668D93749B}
		{5E93E92A-6F0F-4495-9C18-29759DCD366A} = {5E93E92A-6F0F-4495-9C18-29759DCD366A}
		{06BC4166-54DA-45AB-8807-D9B7074DE500} = {06BC4166-54DA-45AB-8807-D9B7074DE500}
	EndProjectSection
EndProject
Project("{8BC9CEB8-8B4A-11D0-8D11-00A0C91BC942}") = "tutorial04_colored_cube", "tutorial04_colored_cube.vcxproj", "{03E1D8E5-8754-4644-B11B-BA4700131270}"
	ProjectSection(ProjectDependencies) = postProject
		{9E176184-634F-43D5-9151-45668D93749B} = {9E176184-634F-43D5-9151-45668D93749B}
		{5E93E92A-6F0F-4495-9C18-29759DCD366A} = {5E93E92A-6F0F-4495-9C18-29759DCD366A}
		{06BC4166-54DA-45AB-8807-D9B7074DE500} = {06BC4166-54DA-45AB-8807-D9B7074DE500}
	EndProjectSection
EndProject
Project("{8BC9CEB8-8B4A-11D0-8D11-00A0C91BC942}") = "tutorial05_textured_cube", "tutorial05_textured_cube.vcxproj", "{C2C6282B-E17C-446D-B2D5-04D1511CC9C8}"
	ProjectSection(ProjectDependencies) = postProject
		{9E176184-634F-43D5-9151-45668D93749B} = {9E176184-634F-43D5-9151-45668D93749B}
		{5E93E92A-6F0F-4495-9C18-29759DCD366A} = {5E93E92A-6F0F-4495-9C18-29759DCD366A}
		{06BC4166-54DA-45AB-8807-D9B7074DE500} = {06BC4166-54DA-45AB-8807-D9B7074DE500}
	EndProjectSection
EndProject
Project("{8BC9CEB8-8B4A-11D0-8D11-00A0C91BC942}") = "tutorial06_keyboard_and_mouse", "tutorial06_keyboard_and_mouse.vcxproj", "{C397DF77-62EF-4FA7-BFE4-46E5AB9A7970}"
	ProjectSection(ProjectDependencies) = postProject
		{9E176184-634F-43D5-9151-45668D93749B} = {9E176184-634F-43D5-9151-45668D93749B}
		{5E93E92A-6F0F-4495-9C18-29759DCD366A} = {5E93E92A-6F0F-4495-9C18-29759DCD366A}
		{06BC4166-54DA-45AB-8807-D9B7074DE500} = {06BC4166-54DA-45AB-8807-D9B7074DE500}
	EndProjectSection
EndProject
Project("{8BC9CEB8-8B4A-11D0-8D11-00A0C91BC942}") = "tutorial07_model_loading", "tutorial07_model_loading.vcxproj", "{D5EB3F1B-EF1A-4C0A-A5F6-A255E898892A}"
	ProjectSection(ProjectDependencies) = postProject
		{9E176184-634F-43D5-9151-45668D93749B} = {9E176184-634F-43D5-9151-45668D93749B}
		{5E93E92A-6F0F-4495-9C18-29759DCD366A} = {5E93E92A-6F0F-4495-9C18-29759DCD366A}
		{06BC4166-54DA-45AB-8807-D9B7074DE500} = {06BC4166-54DA-45AB-8807-D9B7074DE500}
	EndProjectSection
EndProject
Project("{8BC9CEB8-8B4A-11D0-8D11-00A0C91BC942}") = "tutorial08_basic_shading", "tutorial08_basic_shading.vcxproj", "{EB7BC7C2-59D3-4BF0-B1AC-1A5EA9ABE037}"
	ProjectSection(ProjectDependencies) = postProject
		{9E176184-634F-43D5-9151-45668D93749B} = {9E176184-634F-43D5-9151-45668D93749B}
		{5E93E92A-6F0F-4495-9C18-29759DCD366A} = {5E93E92A-6F0F-4495-9C18-29759DCD366A}
		{06BC4166-54DA-45AB-8807-D9B7074DE500} = {06BC4166-54DA-45AB-8807-D9B7074DE500}
	EndProjectSection
EndProject
Project("{8BC9CEB8-8B4A-11D0-8D11-00A0C91BC942}") = "tutorial09_AssImp", "tutorial09_AssImp.vcxproj", "{BAB43A5D-6EE6-43D7-B863-F2580AB955A6}"
	ProjectSection(ProjectDependencies) = postProject
		{9E176184-634F-43D5-9151-45668D93749B} = {9E176184-634F-43D5-9151-45668D93749B}
		{5E93E92A-6F0F-4495-9C18-29759DCD366A} = {5E93E92A-6F0F-4495-9C18-29759DCD366A}
		{06BC4166-54DA-45AB-8807-D9B7074DE500} = {06BC4166-54DA-45AB-8807-D9B7074DE500}
		{0E8A6ECE-913E-4FEA-BEAD-31F8795D3353} = {0E8A6ECE-913E-4FEA-BEAD-31F8795D3353}
		{3507BA76-4115-4497-844D-E92B9AF90BC1} = {3507BA76-4115-4497-844D-E92B9AF90BC1}
	EndProjectSection
EndProject
Project("{8BC9CEB8-8B4A-11D0-8D11-00A0C91BC942}") = "tutorial09_several_objects", "tutorial09_several_objects.vcxproj", "{CC1ADE83-A427-4A09-8B84-2D9121F524BF}"
	ProjectSection(ProjectDependencies) = postProject
		{9E176184-634F-43D5-9151-45668D93749B} = {9E176184-634F-43D5-9151-45668D93749B}
		{5E93E92A-6F0F-4495-9C18-29759DCD366A} = {5E93E92A-6F0F-4495-9C18-29759DCD366A}
		{06BC4166-54DA-45AB-8807-D9B7074DE500} = {06BC4166-54DA-45AB-8807-D9B7074DE500}
	EndProjectSection
EndProject
Project("{8BC9CEB8-8B4A-11D0-8D11-00A0C91BC942}") = "tutorial09_vbo_indexing", "tutorial09_vbo_indexing.vcxproj", "{E247C01B-E6F5-46D9-A9DF-9B1930161F03}"
	ProjectSection(ProjectDependencies) = postProject
		{9E176184-634F-43D5-9151-45668D93749B} = {9E176184-634F-43D5-9151-45668D93749B}
		{5E93E92A-6F0F-4495-9C18-29759DCD366A} = {5E93E92A-6F0F-4495-9C18-29759DCD366A}
		{06BC4166-54DA-45AB-8807-D9B7074DE500} = {06BC4166-54DA-45AB-8807-D9B7074DE500}
	EndProjectSection
EndProject
Project("{8BC9CEB8-8B4A-11D0-8D11-00A0C91BC942}") = "tutorial10_transparency", "tutorial10_transparency.vcxproj", "{2035C9FF-5E1C-4529-9DFD-2AEDBBC4AEB5}"
	ProjectSection(ProjectDependencies) = postProject
		{9E176184-634F-43D5-9151-45668D93749B} = {9E176184-634F-43D5-9151-45668D93749B}
		{5E93E92A-6F0F-4495-9C18-29759DCD366A} = {5E93E92A-6F0F-4495-9C18-29759DCD366A}
		{06BC4166-54DA-45AB-8807-D9B7074DE500} = {06BC4166-54DA-45AB-8807-D9B7074DE500}
	EndProjectSection
EndProject
Project("{8BC9CEB8-8B4A-11D0-8D11-00A0C91BC942}") = "tutorial11_2d_fonts", "tutorial11_2d_fonts.vcxproj", "{694B2B36-CC41-43B9-BE59-A5A3920719BD}"
	ProjectSection(ProjectDependencies) = postProject
		{9E176184-634F-43D5-9151-45668D93749B} = {9E176184-634F-43D5-9151-45668D93749B}
		{5E93E92A-6F0F-4495-9C18-29759DCD366A} = {5E93E92A-6F0F-4495-9C18-29759DCD366A}
		{06BC4166-54DA-45AB-8807-D9B7074DE500} = {06BC4166-54DA-45AB-8807-D9B7074DE500}
	EndProjectSection
EndProject
Project("{8BC9CEB8-8B4A-11D0-8D11-00A0C91BC942}") = "tutorial12_extensions", "tutorial12_extensions.vcxproj", "{DD333DB8-CF38-4A2F-8DC1-4841FE4E6DBF}"
	ProjectSection(ProjectDependencies) = postProject
		{9E176184-634F-43D5-9151-45668D93749B} = {9E176184-634F-43D5-9151-45668D93749B}
		{5E93E92A-6F0F-4495-9C18-29759DCD366A} = {5E93E92A-6F0F-4495-9C18-29759DCD366A}
		{06BC4166-54DA-45AB-8807-D9B7074DE500} = {06BC4166-54DA-45AB-8807-D9B7074DE500}
	EndProjectSection
EndProject
Project("{8BC9CEB8-8B4A-11D0-8D11-00A0C91BC942}") = "tutorial13_normal_mapping", "tutorial13_normal_mapping.vcxproj", "{BC300B47-B671-4B9A-AA9A-5B781A8BE76B}"
	ProjectSection(ProjectDependencies) = postProject
		{9E176184-634F-43D5-9151-45668D93749B} = {9E176184-634F-43D5-9151-45668D93749B}
		{5E93E92A-6F0F-4495-9C18-29759DCD366A} = {5E93E92A-6F0F-4495-9C18-29759DCD366A}
		{06BC4166-54DA-45AB-8807-D9B7074DE500} = {06BC4166-54DA-45AB-8807-D9B7074DE500}
	EndProjectSection
EndProject
Project("{8BC9CEB8-8B4A-11D0-8D11-00A0C91BC942}") = "tutorial14_render_to_texture", "tutorial14_render_to_texture.vcxproj", "{CCA41CE7-8F46-4AC7-B628-3BC3C03E74D6}"
	ProjectSection(ProjectDependencies) = postProject
		{9E176184-634F-43D5-9151-45668D93749B} = {9E176184-634F-43D5-9151-45668D93749B}
		{5E93E92A-6F0F-4495-9C18-29759DCD366A} = {5E93E92A-6F0F-4495-9C18-29759DCD366A}
		{06BC4166-54DA-45AB-8807-D9B7074DE500} = {06BC4166-54DA-45AB-8807-D9B7074DE500}
	EndProjectSection
EndProject
Project("{8BC9CEB8-8B4A-11D0-8D11-00A0C91BC942}") = "tutorial15_lightmaps", "tutorial15_lightmaps.vcxproj", "{BC119A95-036B-450C-A7D8-777F5F8231A0}"
	ProjectSection(ProjectDependencies) = postProject
		{9E176184-634F-43D5-9151-45668D93749B} = {9E176184-634F-43D5-9151-45668D93749B}
		{5E93E92A-6F0F-4495-9C18-29759DCD366A} = {5E93E92A-6F0F-4495-9C18-29759DCD366A}
		{06BC4166-54DA-45AB-8807-D9B7074DE500} = {06BC4166-54DA-45AB-8807-D9B7074DE500}
	EndProjectSection
EndProject
Project("{8BC9CEB8-8B4A-11D0-8D11-00A0C91BC942}") = "tutorial16_shadowmaps", "tutorial16_shadowmaps.vcxproj", "{9F474099-53CC-4E0F-BD40-D7B24123316B}"
	ProjectSection(ProjectDependencies) = postProject
		{9E176184-634F-43D5-9151-45668D93749B} = {9E176184-634F-43D5-9151-45668D93749B}
		{5E93E92A-6F0F-4495-9C18-29759DCD366A} = {5E93E92A-6F0F-4495-9C18-29759DCD366A}
		{06BC4166-54DA-45AB-8807-D9B7074DE500} = {06BC4166-54DA-45AB-8807-D9B7074DE500}
	EndProjectSection
EndProject
Project("{8BC9CEB8-8B4A-11D0-8D11-00A0C91BC942}") = "tutorial16_shadowmaps_simple", "tutorial16_shadowmaps_simple.vcxproj", "{B7C7B33B-BAAF-4409-A47D-4A9A26D5755E}"
	ProjectSection(ProjectDependencies) = postProject
		{9E176184-634F-43D5-9151-45668D93749B} = {9E176184-634F-43D5-9151-45668D93749B}
		{5E93E92A-6F0F-4495-9C18-29759DCD366A} = {5E93E92A-6F0F-4495-9C18-29759DCD366A}
		{06BC4166-54DA-45AB-8807-D9B7074DE500} = {06BC4166-54DA-45AB-8807-D9B7074DE500}
	EndProjectSection
EndProject
Project("{8BC9CEB8-8B4A-11D0-8D11-00A0C91BC942}") = "tutorial17_rotations", "tutorial17_rotations.vcxproj", "{EDC86C94-3780-4F3B-B18D-6DF7CC568F0E}"
	ProjectSection(ProjectDependencies) = postProject
		{DCF2AE87-A6C5-475E-BB5B-BAF73C785A02} = {DCF2AE87-A6C5-475E-BB5B-BAF73C785A02}
		{9E176184-634F-43D5-9151-45668D93749B} = {9E176184-634F-43D5-9151-45668D93749B}
		{5E93E92A-6F0F-4495-9C18-29759DCD366A} = {5E93E92A-6F0F-4495-9C18-29759DCD366A}
		{06BC4166-54DA-45AB-8807-D9B7074DE500} = {06BC4166-54DA-45AB-8807-D9B7074DE500}
	EndProjectSection
EndProject
Project("{8BC9CEB8-8B4A-11D0-8D11-00A0C91BC942}") = "tutorial18_billboards", "tutorial18_billboards.vcxproj", "{F31E63EF-0AC9-4BA5-9B9B-16650915BAD1}"
	ProjectSection(ProjectDependencies) = postProject
		{9E176184-634F-43D5-9151-45668D93749B} = {9E176184-634F-43D5-9151-45668D93749B}
		{5E93E92A-6F0F-4495-9C18-29759DCD366A} = {5E93E92A-6F0F-4495-9C18-29759DCD366A}
		{06BC4166-54DA-45AB-8807-D9B7074DE500} = {06BC4166-54DA-45AB-8807-D9B7074DE500}
	EndProjectSection
EndProject
Project("{8BC9CEB8-8B4A-11D0-8D11-00A0C91BC942}") = "tutorial18_particles", "tutorial18_particles.vcxproj", "{A1F69D70-AF2A-48FD-A29E-819756416047}"
	ProjectSection(ProjectDependencies) = postProject
		{9E176184-634F-43D5-9151-45668D93749B} = {9E176184-634F-43D5-9151-45668D93749B}
		{5E93E92A-6F0F-4495-9C18-29759DCD366A} = {5E93E92A-6F0F-4495-9C18-29759DCD366A}
		{06BC4166-54DA-45AB-8807-D9B7074DE500} = {06BC4166-54DA-45AB-8807-D9B7074DE500}
	EndProjectSection
EndProject
Project("{8BC9CEB8-8B4A-11D0-8D11-00A0C91BC942}") = "zlib", "external\assimp-3.0.1270\contrib\zlib\zlib.vcxproj", "{3507BA76-4115-4497-844D-E92B9AF90BC1}"
	ProjectSection(ProjectDependencies) = postProject
		{06BC4166-54DA-45AB-8807-D9B7074DE500} = {06BC4166-54DA-45AB-8807-D9B7074DE500}
	EndProjectSection
EndProject
Global
	GlobalSection(SolutionConfigurationPlatforms) = preSolution
		Debug|x64 = Debug|x64
		Release|x64 = Release|x64
		MinSizeRel|x64 = MinSizeRel|x64
		RelWithDebInfo|x64 = RelWithDebInfo|x64
	EndGlobalSection
	GlobalSection(ProjectConfigurationPlatforms) = postSolution
		{7B5A7E26-FF4A-4F25-BECE-731CBA7BF6A2}.Debug|x64.ActiveCfg = Debug|x64
		{7B5A7E26-FF4A-4F25-BECE-731CBA7BF6A2}.Debug|x64.Build.0 = Debug|x64
		{7B5A7E26-FF4A-4F25-BECE-731CBA7BF6A2}.Release|x64.ActiveCfg = Release|x64
		{7B5A7E26-FF4A-4F25-BECE-731CBA7BF6A2}.Release|x64.Build.0 = Release|x64
		{7B5A7E26-FF4A-4F25-BECE-731CBA7BF6A2}.MinSizeRel|x64.ActiveCfg = MinSizeRel|x64
		{7B5A7E26-FF4A-4F25-BECE-731CBA7BF6A2}.MinSizeRel|x64.Build.0 = MinSizeRel|x64
		{7B5A7E26-FF4A-4F25-BECE-731CBA7BF6A2}.RelWithDebInfo|x64.ActiveCfg = RelWithDebInfo|x64
		{7B5A7E26-FF4A-4F25-BECE-731CBA7BF6A2}.RelWithDebInfo|x64.Build.0 = RelWithDebInfo|x64
		{DCF2AE87-A6C5-475E-BB5B-BAF73C785A02}.Debug|x64.ActiveCfg = Debug|x64
		{DCF2AE87-A6C5-475E-BB5B-BAF73C785A02}.Debug|x64.Build.0 = Debug|x64
		{DCF2AE87-A6C5-475E-BB5B-BAF73C785A02}.Release|x64.ActiveCfg = Release|x64
		{DCF2AE87-A6C5-475E-BB5B-BAF73C785A02}.Release|x64.Build.0 = Release|x64
		{DCF2AE87-A6C5-475E-BB5B-BAF73C785A02}.MinSizeRel|x64.ActiveCfg = MinSizeRel|x64
		{DCF2AE87-A6C5-475E-BB5B-BAF73C785A02}.MinSizeRel|x64.Build.0 = MinSizeRel|x64
		{DCF2AE87-A6C5-475E-BB5B-BAF73C785A02}.RelWithDebInfo|x64.ActiveCfg = RelWithDebInfo|x64
		{DCF2AE87-A6C5-475E-BB5B-BAF73C785A02}.RelWithDebInfo|x64.Build.0 = RelWithDebInfo|x64
		{9F73CEB5-377B-42A5-A4CB-154F10D86997}.Debug|x64.ActiveCfg = Debug|x64
		{9F73CEB5-377B-42A5-A4CB-154F10D86997}.Debug|x64.Build.0 = Debug|x64
		{9F73CEB5-377B-42A5-A4CB-154F10D86997}.Release|x64.ActiveCfg = Release|x64
		{9F73CEB5-377B-42A5-A4CB-154F10D86997}.Release|x64.Build.0 = Release|x64
		{9F73CEB5-377B-42A5-A4CB-154F10D86997}.MinSizeRel|x64.ActiveCfg = MinSizeRel|x64
		{9F73CEB5-377B-42A5-A4CB-154F10D86997}.MinSizeRel|x64.Build.0 = MinSizeRel|x64
		{9F73CEB5-377B-42A5-A4CB-154F10D86997}.RelWithDebInfo|x64.ActiveCfg = RelWithDebInfo|x64
		{9F73CEB5-377B-42A5-A4CB-154F10D86997}.RelWithDebInfo|x64.Build.0 = RelWithDebInfo|x64
		{FA361153-E684-4747-B35E-F549E200578E}.Debug|x64.ActiveCfg = Debug|x64
		{FA361153-E684-4747-B35E-F549E200578E}.Debug|x64.Build.0 = Debug|x64
		{FA361153-E684-4747-B35E-F549E200578E}.Release|x64.ActiveCfg = Release|x64
		{FA361153-E684-4747-B35E-F549E200578E}.Release|x64.Build.0 = Release|x64
		{FA361153-E684-4747-B35E-F549E200578E}.MinSizeRel|x64.ActiveCfg = MinSizeRel|x64
		{FA361153-E684-4747-B35E-F549E200578E}.MinSizeRel|x64.Build.0 = MinSizeRel|x64
		{FA361153-E684-4747-B35E-F549E200578E}.RelWithDebInfo|x64.ActiveCfg = RelWithDebInfo|x64
		{FA361153-E684-4747-B35E-F549E200578E}.RelWithDebInfo|x64.Build.0 = RelWithDebInfo|x64
		{716E3242-AE58-4D4E-80B4-8C8418286E60}.Debug|x64.ActiveCfg = Debug|x64
		{716E3242-AE58-4D4E-80B4-8C8418286E60}.Debug|x64.Build.0 = Debug|x64
		{716E3242-AE58-4D4E-80B4-8C8418286E60}.Release|x64.ActiveCfg = Release|x64
		{716E3242-AE58-4D4E-80B4-8C8418286E60}.Release|x64.Build.0 = Release|x64
		{716E3242-AE58-4D4E-80B4-8C8418286E60}.MinSizeRel|x64.ActiveCfg = MinSizeRel|x64
		{716E3242-AE58-4D4E-80B4-8C8418286E60}.MinSizeRel|x64.Build.0 = MinSizeRel|x64
		{716E3242-AE58-4D4E-80B4-8C8418286E60}.RelWithDebInfo|x64.ActiveCfg = RelWithDebInfo|x64
		{716E3242-AE58-4D4E-80B4-8C8418286E60}.RelWithDebInfo|x64.Build.0 = RelWithDebInfo|x64
		{9E176184-634F-43D5-9151-45668D93749B}.Debug|x64.ActiveCfg = Debug|x64
		{9E176184-634F-43D5-9151-45668D93749B}.Debug|x64.Build.0 = Debug|x64
		{9E176184-634F-43D5-9151-45668D93749B}.Release|x64.ActiveCfg = Release|x64
		{9E176184-634F-43D5-9151-45668D93749B}.Release|x64.Build.0 = Release|x64
		{9E176184-634F-43D5-9151-45668D93749B}.MinSizeRel|x64.ActiveCfg = MinSizeRel|x64
		{9E176184-634F-43D5-9151-45668D93749B}.MinSizeRel|x64.Build.0 = MinSizeRel|x64
		{9E176184-634F-43D5-9151-45668D93749B}.RelWithDebInfo|x64.ActiveCfg = RelWithDebInfo|x64
		{9E176184-634F-43D5-9151-45668D93749B}.RelWithDebInfo|x64.Build.0 = RelWithDebInfo|x64
		{5E93E92A-6F0F-4495-9C18-29759DCD366A}.Debug|x64.ActiveCfg = Debug|x64
		{5E93E92A-6F0F-4495-9C18-29759DCD366A}.Debug|x64.Build.0 = Debug|x64
		{5E93E92A-6F0F-4495-9C18-29759DCD366A}.Release|x64.ActiveCfg = Release|x64
		{5E93E92A-6F0F-4495-9C18-29759DCD366A}.Release|x64.Build.0 = Release|x64
		{5E93E92A-6F0F-4495-9C18-29759DCD366A}.MinSizeRel|x64.ActiveCfg = MinSizeRel|x64
		{5E93E92A-6F0F-4495-9C18-29759DCD366A}.MinSizeRel|x64.Build.0 = MinSizeRel|x64
		{5E93E92A-6F0F-4495-9C18-29759DCD366A}.RelWithDebInfo|x64.ActiveCfg = RelWithDebInfo|x64
		{5E93E92A-6F0F-4495-9C18-29759DCD366A}.RelWithDebInfo|x64.Build.0 = RelWithDebInfo|x64
		{3C777445-9FF6-4742-83C4-7C2A15D6B112}.Debug|x64.ActiveCfg = Debug|x64
		{3C777445-9FF6-4742-83C4-7C2A15D6B112}.Release|x64.ActiveCfg = Release|x64
		{3C777445-9FF6-4742-83C4-7C2A15D6B112}.MinSizeRel|x64.ActiveCfg = MinSizeRel|x64
		{3C777445-9FF6-4742-83C4-7C2A15D6B112}.RelWithDebInfo|x64.ActiveCfg = RelWithDebInfo|x64
		{DA2D540B-B780-46C8-BB51-9CDD203BF6ED}.Debug|x64.ActiveCfg = Debug|x64
		{DA2D540B-B780-46C8-BB51-9CDD203BF6ED}.Debug|x64.Build.0 = Debug|x64
		{DA2D540B-B780-46C8-BB51-9CDD203BF6ED}.Release|x64.ActiveCfg = Release|x64
		{DA2D540B-B780-46C8-BB51-9CDD203BF6ED}.Release|x64.Build.0 = Release|x64
		{DA2D540B-B780-46C8-BB51-9CDD203BF6ED}.MinSizeRel|x64.ActiveCfg = MinSizeRel|x64
		{DA2D540B-B780-46C8-BB51-9CDD203BF6ED}.MinSizeRel|x64.Build.0 = MinSizeRel|x64
		{DA2D540B-B780-46C8-BB51-9CDD203BF6ED}.RelWithDebInfo|x64.ActiveCfg = RelWithDebInfo|x64
		{DA2D540B-B780-46C8-BB51-9CDD203BF6ED}.RelWithDebInfo|x64.Build.0 = RelWithDebInfo|x64
		{06BC4166-54DA-45AB-8807-D9B7074DE500}.Debug|x64.ActiveCfg = Debug|x64
		{06BC4166-54DA-45AB-8807-D9B7074DE500}.Debug|x64.Build.0 = Debug|x64
		{06BC4166-54DA-45AB-8807-D9B7074DE500}.Release|x64.ActiveCfg = Release|x64
		{06BC4166-54DA-45AB-8807-D9B7074DE500}.Release|x64.Build.0 = Release|x64
		{06BC4166-54DA-45AB-8807-D9B7074DE500}.MinSizeRel|x64.ActiveCfg = MinSizeRel|x64
		{06BC4166-54DA-45AB-8807-D9B7074DE500}.MinSizeRel|x64.Build.0 = MinSizeRel|x64
		{06BC4166-54DA-45AB-8807-D9B7074DE500}.RelWithDebInfo|x64.ActiveCfg = RelWithDebInfo|x64
		{06BC4166-54DA-45AB-8807-D9B7074DE500}.RelWithDebInfo|x64.Build.0 = RelWithDebInfo|x64
		{0E8A6ECE-913E-4FEA-BEAD-31F8795D3353}.Debug|x64.ActiveCfg = Debug|x64
		{0E8A6ECE-913E-4FEA-BEAD-31F8795D3353}.Debug|x64.Build.0 = Debug|x64
		{0E8A6ECE-913E-4FEA-BEAD-31F8795D3353}.Release|x64.ActiveCfg = Release|x64
		{0E8A6ECE-913E-4FEA-BEAD-31F8795D3353}.Release|x64.Build.0 = Release|x64
		{0E8A6ECE-913E-4FEA-BEAD-31F8795D3353}.MinSizeRel|x64.ActiveCfg = MinSizeRel|x64
		{0E8A6ECE-913E-4FEA-BEAD-31F8795D3353}.MinSizeRel|x64.Build.0 = MinSizeRel|x64
		{0E8A6ECE-913E-4FEA-BEAD-31F8795D3353}.RelWithDebInfo|x64.ActiveCfg = RelWithDebInfo|x64
		{0E8A6ECE-913E-4FEA-BEAD-31F8795D3353}.RelWithDebInfo|x64.Build.0 = RelWithDebInfo|x64
		{8373C62D-328F-41A5-882B-55FEB000E784}.Debug|x64.ActiveCfg = Debug|x64
		{8373C62D-328F-41A5-882B-55FEB000E784}.Debug|x64.Build.0 = Debug|x64
		{8373C62D-328F-41A5-882B-55FEB000E784}.Release|x64.ActiveCfg = Release|x64
		{8373C62D-328F-41A5-882B-55FEB000E784}.Release|x64.Build.0 = Release|x64
		{8373C62D-328F-41A5-882B-55FEB000E784}.MinSizeRel|x64.ActiveCfg = MinSizeRel|x64
		{8373C62D-328F-41A5-882B-55FEB000E784}.MinSizeRel|x64.Build.0 = MinSizeRel|x64
		{8373C62D-328F-41A5-882B-55FEB000E784}.RelWithDebInfo|x64.ActiveCfg = RelWithDebInfo|x64
		{8373C62D-328F-41A5-882B-55FEB000E784}.RelWithDebInfo|x64.Build.0 = RelWithDebInfo|x64
		{AFA61B4E-23C5-402B-A702-D365D0226559}.Debug|x64.ActiveCfg = Debug|x64
		{AFA61B4E-23C5-402B-A702-D365D0226559}.Debug|x64.Build.0 = Debug|x64
		{AFA61B4E-23C5-402B-A702-D365D0226559}.Release|x64.ActiveCfg = Release|x64
		{AFA61B4E-23C5-402B-A702-D365D0226559}.Release|x64.Build.0 = Release|x64
		{AFA61B4E-23C5-402B-A702-D365D0226559}.MinSizeRel|x64.ActiveCfg = MinSizeRel|x64
		{AFA61B4E-23C5-402B-A702-D365D0226559}.MinSizeRel|x64.Build.0 = MinSizeRel|x64
		{AFA61B4E-23C5-402B-A702-D365D0226559}.RelWithDebInfo|x64.ActiveCfg = RelWithDebInfo|x64
		{AFA61B4E-23C5-402B-A702-D365D0226559}.RelWithDebInfo|x64.Build.0 = RelWithDebInfo|x64
		{E961DFF3-D2E7-40EE-9623-C53F73B5EAB9}.Debug|x64.ActiveCfg = Debug|x64
		{E961DFF3-D2E7-40EE-9623-C53F73B5EAB9}.Debug|x64.Build.0 = Debug|x64
		{E961DFF3-D2E7-40EE-9623-C53F73B5EAB9}.Release|x64.ActiveCfg = Release|x64
		{E961DFF3-D2E7-40EE-9623-C53F73B5EAB9}.Release|x64.Build.0 = Release|x64
		{E961DFF3-D2E7-40EE-9623-C53F73B5EAB9}.MinSizeRel|x64.ActiveCfg = MinSizeRel|x64
		{E961DFF3-D2E7-40EE-9623-C53F73B5EAB9}.MinSizeRel|x64.Build.0 = MinSizeRel|x64
		{E961DFF3-D2E7-40EE-9623-C53F73B5EAB9}.RelWithDebInfo|x64.ActiveCfg = RelWithDebInfo|x64
		{E961DFF3-D2E7-40EE-9623-C53F73B5EAB9}.RelWithDebInfo|x64.Build.0 = RelWithDebInfo|x64
		{3B51EC37-643A-4C58-BA70-3DE88357DAAC}.Debug|x64.ActiveCfg = Debug|x64
		{3B51EC37-643A-4C58-BA70-3DE88357DAAC}.Debug|x64.Build.0 = Debug|x64
		{3B51EC37-643A-4C58-BA70-3DE88357DAAC}.Release|x64.ActiveCfg = Release|x64
		{3B51EC37-643A-4C58-BA70-3DE88357DAAC}.Release|x64.Build.0 = Release|x64
		{3B51EC37-643A-4C58-BA70-3DE88357DAAC}.MinSizeRel|x64.ActiveCfg = MinSizeRel|x64
		{3B51EC37-643A-4C58-BA70-3DE88357DAAC}.MinSizeRel|x64.Build.0 = MinSizeRel|x64
		{3B51EC37-643A-4C58-BA70-3DE88357DAAC}.RelWithDebInfo|x64.ActiveCfg = RelWithDebInfo|x64
		{3B51EC37-643A-4C58-BA70-3DE88357DAAC}.RelWithDebInfo|x64.Build.0 = RelWithDebInfo|x64
		{9D9A4186-48A8-4EE0-9307-35DC8AE3DDDA}.Debug|x64.ActiveCfg = Debug|x64
		{9D9A4186-48A8-4EE0-9307-35DC8AE3DDDA}.Debug|x64.Build.0 = Debug|x64
		{9D9A4186-48A8-4EE0-9307-35DC8AE3DDDA}.Release|x64.ActiveCfg = Release|x64
		{9D9A4186-48A8-4EE0-9307-35DC8AE3DDDA}.Release|x64.Build.0 = Release|x64
		{9D9A4186-48A8-4EE0-9307-35DC8AE3DDDA}.MinSizeRel|x64.ActiveCfg = MinSizeRel|x64
		{9D9A4186-48A8-4EE0-9307-35DC8AE3DDDA}.MinSizeRel|x64.Build.0 = MinSizeRel|x64
		{9D9A4186-48A8-4EE0-9307-35DC8AE3DDDA}.RelWithDebInfo|x64.ActiveCfg = RelWithDebInfo|x64
		{9D9A4186-48A8-4EE0-9307-35DC8AE3DDDA}.RelWithDebInfo|x64.Build.0 = RelWithDebInfo|x64
		{7E47DAC0-8254-4149-8244-E6F81EE2C8BA}.Debug|x64.ActiveCfg = Debug|x64
		{7E47DAC0-8254-4149-8244-E6F81EE2C8BA}.Debug|x64.Build.0 = Debug|x64
		{7E47DAC0-8254-4149-8244-E6F81EE2C8BA}.Release|x64.ActiveCfg = Release|x64
		{7E47DAC0-8254-4149-8244-E6F81EE2C8BA}.Release|x64.Build.0 = Release|x64
		{7E47DAC0-8254-4149-8244-E6F81EE2C8BA}.MinSizeRel|x64.ActiveCfg = MinSizeRel|x64
		{7E47DAC0-8254-4149-8244-E6F81EE2C8BA}.MinSizeRel|x64.Build.0 = MinSizeRel|x64
		{7E47DAC0-8254-4149-8244-E6F81EE2C8BA}.RelWithDebInfo|x64.ActiveCfg = RelWithDebInfo|x64
		{7E47DAC0-8254-4149-8244-E6F81EE2C8BA}.RelWithDebInfo|x64.Build.0 = RelWithDebInfo|x64
		{277B90CA-C937-446F-8FA6-62BC08A91384}.Debug|x64.ActiveCfg = Debug|x64
		{277B90CA-C937-446F-8FA6-62BC08A91384}.Debug|x64.Build.0 = Debug|x64
		{277B90CA-C937-446F-8FA6-62BC08A91384}.Release|x64.ActiveCfg = Release|x64
		{277B90CA-C937-446F-8FA6-62BC08A91384}.Release|x64.Build.0 = Release|x64
		{277B90CA-C937-446F-8FA6-62BC08A91384}.MinSizeRel|x64.ActiveCfg = MinSizeRel|x64
		{277B90CA-C937-446F-8FA6-62BC08A91384}.MinSizeRel|x64.Build.0 = MinSizeRel|x64
		{277B90CA-C937-446F-8FA6-62BC08A91384}.RelWithDebInfo|x64.ActiveCfg = RelWithDebInfo|x64
		{277B90CA-C937-446F-8FA6-62BC08A91384}.RelWithDebInfo|x64.Build.0 = RelWithDebInfo|x64
		{03E1D8E5-8754-4644-B11B-BA4700131270}.Debug|x64.ActiveCfg = Debug|x64
		{03E1D8E5-8754-4644-B11B-BA4700131270}.Debug|x64.Build.0 = Debug|x64
		{03E1D8E5-8754-4644-B11B-BA4700131270}.Release|x64.ActiveCfg = Release|x64
		{03E1D8E5-8754-4644-B11B-BA4700131270}.Release|x64.Build.0 = Release|x64
		{03E1D8E5-8754-4644-B11B-BA4700131270}.MinSizeRel|x64.ActiveCfg = MinSizeRel|x64
		{03E1D8E5-8754-4644-B11B-BA4700131270}.MinSizeRel|x64.Build.0 = MinSizeRel|x64
		{03E1D8E5-8754-4644-B11B-BA4700131270}.RelWithDebInfo|x64.ActiveCfg = RelWithDebInfo|x64
		{03E1D8E5-8754-4644-B11B-BA4700131270}.RelWithDebInfo|x64.Build.0 = RelWithDebInfo|x64
		{C2C6282B-E17C-446D-B2D5-04D1511CC9C8}.Debug|x64.ActiveCfg = Debug|x64
		{C2C6282B-E17C-446D-B2D5-04D1511CC9C8}.Debug|x64.Build.0 = Debug|x64
		{C2C6282B-E17C-446D-B2D5-04D1511CC9C8}.Release|x64.ActiveCfg = Release|x64
		{C2C6282B-E17C-446D-B2D5-04D1511CC9C8}.Release|x64.Build.0 = Release|x64
		{C2C6282B-E17C-446D-B2D5-04D1511CC9C8}.MinSizeRel|x64.ActiveCfg = MinSizeRel|x64
		{C2C6282B-E17C-446D-B2D5-04D1511CC9C8}.MinSizeRel|x64.Build.0 = MinSizeRel|x64
		{C2C6282B-E17C-446D-B2D5-04D1511CC9C8}.RelWithDebInfo|x64.ActiveCfg = RelWithDebInfo|x64
		{C2C6282B-E17C-446D-B2D5-04D1511CC9C8}.RelWithDebInfo|x64.Build.0 = RelWithDebInfo|x64
		{C397DF77-62EF-4FA7-BFE4-46E5AB9A7970}.Debug|x64.ActiveCfg = Debug|x64
		{C397DF77-62EF-4FA7-BFE4-46E5AB9A7970}.Debug|x64.Build.0 = Debug|x64
		{C397DF77-62EF-4FA7-BFE4-46E5AB9A7970}.Release|x64.ActiveCfg = Release|x64
		{C397DF77-62EF-4FA7-BFE4-46E5AB9A7970}.Release|x64.Build.0 = Release|x64
		{C397DF77-62EF-4FA7-BFE4-46E5AB9A7970}.MinSizeRel|x64.ActiveCfg = MinSizeRel|x64
		{C397DF77-62EF-4FA7-BFE4-46E5AB9A7970}.MinSizeRel|x64.Build.0 = MinSizeRel|x64
		{C397DF77-62EF-4FA7-BFE4-46E5AB9A7970}.RelWithDebInfo|x64.ActiveCfg = RelWithDebInfo|x64
		{C397DF77-62EF-4FA7-BFE4-46E5AB9A7970}.RelWithDebInfo|x64.Build.0 = RelWithDebInfo|x64
		{D5EB3F1B-EF1A-4C0A-A5F6-A255E898892A}.Debug|x64.ActiveCfg = Debug|x64
		{D5EB3F1B-EF1A-4C0A-A5F6-A255E898892A}.Debug|x64.Build.0 = Debug|x64
		{D5EB3F1B-EF1A-4C0A-A5F6-A255E898892A}.Release|x64.ActiveCfg = Release|x64
		{D5EB3F1B-EF1A-4C0A-A5F6-A255E898892A}.Release|x64.Build.0 = Release|x64
		{D5EB3F1B-EF1A-4C0A-A5F6-A255E898892A}.MinSizeRel|x64.ActiveCfg = MinSizeRel|x64
		{D5EB3F1B-EF1A-4C0A-A5F6-A255E898892A}.MinSizeRel|x64.Build.0 = MinSizeRel|x64
		{D5EB3F1B-EF1A-4C0A-A5F6-A255E898892A}.RelWithDebInfo|x64.ActiveCfg = RelWithDebInfo|x64
		{D5EB3F1B-EF1A-4C0A-A5F6-A255E898892A}.RelWithDebInfo|x64.Build.0 = RelWithDebInfo|x64
		{EB7BC7C2-59D3-4BF0-B1AC-1A5EA9ABE037}.Debug|x64.ActiveCfg = Debug|x64
		{EB7BC7C2-59D3-4BF0-B1AC-1A5EA9ABE037}.Debug|x64.Build.0 = Debug|x64
		{EB7BC7C2-59D3-4BF0-B1AC-1A5EA9ABE037}.Release|x64.ActiveCfg = Release|x64
		{EB7BC7C2-59D3-4BF0-B1AC-1A5EA9ABE037}.Release|x64.Build.0 = Release|x64
		{EB7BC7C2-59D3-4BF0-B1AC-1A5EA9ABE037}.MinSizeRel|x64.ActiveCfg = MinSizeRel|x64
		{EB7BC7C2-59D3-4BF0-B1AC-1A5EA9ABE037}.MinSizeRel|x64.Build.0 = MinSizeRel|x64
		{EB7BC7C2-59D3-4BF0-B1AC-1A5EA9ABE037}.RelWithDebInfo|x64.ActiveCfg = RelWithDebInfo|x64
		{EB7BC7C2-59D3-4BF0-B1AC-1A5EA9ABE037}.RelWithDebInfo|x64.Build.0 = RelWithDebInfo|x64
		{BAB43A5D-6EE6-43D7-B863-F2580AB955A6}.Debug|x64.ActiveCfg = Debug|x64
		{BAB43A5D-6EE6-43D7-B863-F2580AB955A6}.Debug|x64.Build.0 = Debug|x64
		{BAB43A5D-6EE6-43D7-B863-F2580AB955A6}.Release|x64.ActiveCfg = Release|x64
		{BAB43A5D-6EE6-43D7-B863-F2580AB955A6}.Release|x64.Build.0 = Release|x64
		{BAB43A5D-6EE6-43D7-B863-F2580AB955A6}.MinSizeRel|x64.ActiveCfg = MinSizeRel|x64
		{BAB43A5D-6EE6-43D7-B863-F2580AB955A6}.MinSizeRel|x64.Build.0 = MinSizeRel|x64
		{BAB43A5D-6EE6-43D7-B863-F2580AB955A6}.RelWithDebInfo|x64.ActiveCfg = RelWithDebInfo|x64
		{BAB43A5D-6EE6-43D7-B863-F2580AB955A6}.RelWithDebInfo|x64.Build.0 = RelWithDebInfo|x64
		{CC1ADE83-A427-4A09-8B84-2D9121F524BF}.Debug|x64.ActiveCfg = Debug|x64
		{CC1ADE83-A427-4A09-8B84-2D9121F524BF}.Debug|x64.Build.0 = Debug|x64
		{CC1ADE83-A427-4A09-8B84-2D9121F524BF}.Release|x64.ActiveCfg = Release|x64
		{CC1ADE83-A427-4A09-8B84-2D9121F524BF}.Release|x64.Build.0 = Release|x64
		{CC1ADE83-A427-4A09-8B84-2D9121F524BF}.MinSizeRel|x64.ActiveCfg = MinSizeRel|x64
		{CC1ADE83-A427-4A09-8B84-2D9121F524BF}.MinSizeRel|x64.Build.0 = MinSizeRel|x64
		{CC1ADE83-A427-4A09-8B84-2D9121F524BF}.RelWithDebInfo|x64.ActiveCfg = RelWithDebInfo|x64
		{CC1ADE83-A427-4A09-8B84-2D9121F524BF}.RelWithDebInfo|x64.Build.0 = RelWithDebInfo|x64
		{E247C01B-E6F5-46D9-A9DF-9B1930161F03}.Debug|x64.ActiveCfg = Debug|x64
		{E247C01B-E6F5-46D9-A9DF-9B1930161F03}.Debug|x64.Build.0 = Debug|x64
		{E247C01B-E6F5-46D9-A9DF-9B1930161F03}.Release|x64.ActiveCfg = Release|x64
		{E247C01B-E6F5-46D9-A9DF-9B1930161F03}.Release|x64.Build.0 = Release|x64
		{E247C01B-E6F5-46D9-A9DF-9B1930161F03}.MinSizeRel|x64.ActiveCfg = MinSizeRel|x64
		{E247C01B-E6F5-46D9-A9DF-9B1930161F03}.MinSizeRel|x64.Build.0 = MinSizeRel|x64
		{E247C01B-E6F5-46D9-A9DF-9B1930161F03}.RelWithDebInfo|x64.ActiveCfg = RelWithDebInfo|x64
		{E247C01B-E6F5-46D9-A9DF-9B1930161F03}.RelWithDebInfo|x64.Build.0 = RelWithDebInfo|x64
		{2035C9FF-5E1C-4529-9DFD-2AEDBBC4AEB5}.Debug|x64.ActiveCfg = Debug|x64
		{2035C9FF-5E1C-4529-9DFD-2AEDBBC4AEB5}.Debug|x64.Build.0 = Debug|x64
		{2035C9FF-5E1C-4529-9DFD-2AEDBBC4AEB5}.Release|x64.ActiveCfg = Release|x64
		{2035C9FF-5E1C-4529-9DFD-2AEDBBC4AEB5}.Release|x64.Build.0 = Release|x64
		{2035C9FF-5E1C-4529-9DFD-2AEDBBC4AEB5}.MinSizeRel|x64.ActiveCfg = MinSizeRel|x64
		{2035C9FF-5E1C-4529-9DFD-2AEDBBC4AEB5}.MinSizeRel|x64.Build.0 = MinSizeRel|x64
		{2035C9FF-5E1C-4529-9DFD-2AEDBBC4AEB5}.RelWithDebInfo|x64.ActiveCfg = RelWithDebInfo|x64
		{2035C9FF-5E1C-4529-9DFD-2AEDBBC4AEB5}.RelWithDebInfo|x64.Build.0 = RelWithDebInfo|x64
		{694B2B36-CC41-43B9-BE59-A5A3920719BD}.Debug|x64.ActiveCfg = Debug|x64
		{694B2B36-CC41-43B9-BE59-A5A3920719BD}.Debug|x64.Build.0 = Debug|x64
		{694B2B36-CC41-43B9-BE59-A5A3920719BD}.Release|x64.ActiveCfg = Release|x64
		{694B2B36-CC41-43B9-BE59-A5A3920719BD}.Release|x64.Build.0 = Release|x64
		{694B2B36-CC41-43B9-BE59-A5A3920719BD}.MinSizeRel|x64.ActiveCfg = MinSizeRel|x64
		{694B2B36-CC41-43B9-BE59-A5A3920719BD}.MinSizeRel|x64.Build.0 = MinSizeRel|x64
		{694B2B36-CC41-43B9-BE59-A5A3920719BD}.RelWithDebInfo|x64.ActiveCfg = RelWithDebInfo|x64
		{694B2B36-CC41-43B9-BE59-A5A3920719BD}.RelWithDebInfo|x64.Build.0 = RelWithDebInfo|x64
		{DD333DB8-CF38-4A2F-8DC1-4841FE4E6DBF}.Debug|x64.ActiveCfg = Debug|x64
		{DD333DB8-CF38-4A2F-8DC1-4841FE4E6DBF}.Debug|x64.Build.0 = Debug|x64
		{DD333DB8-CF38-4A2F-8DC1-4841FE4E6DBF}.Release|x64.ActiveCfg = Release|x64
		{DD333DB8-CF38-4A2F-8DC1-4841FE4E6DBF}.Release|x64.Build.0 = Release|x64
		{DD333DB8-CF38-4A2F-8DC1-4841FE4E6DBF}.MinSizeRel|x64.ActiveCfg = MinSizeRel|x64
		{DD333DB8-CF38-4A2F-8DC1-4841FE4E6DBF}.MinSizeRel|x64.Build.0 = MinSizeRel|x64
		{DD333DB8-CF38-4A2F-8DC1-4841FE4E6DBF}.RelWithDebInfo|x64.ActiveCfg = RelWithDebInfo|x64
		{DD333DB8-CF38-4A2F-8DC1-4841FE4E6DBF}.RelWithDebInfo|x64.Build.0 = RelWithDebInfo|x64
		{BC300B47-B671-4B9A-AA9A-5B781A8BE76B}.Debug|x64.ActiveCfg = Debug|x64
		{BC300B47-B671-4B9A-AA9A-5B781A8BE76B}.Debug|x64.Build.0 = Debug|x64
		{BC300B47-B671-4B9A-AA9A-5B781A8BE76B}.Release|x64.ActiveCfg = Release|x64
		{BC300B47-B671-4B9A-AA9A-5B781A8BE76B}.Release|x64.Build.0 = Release|x64
		{BC300B47-B671-4B9A-AA9A-5B781A8BE76B}.MinSizeRel|x64.ActiveCfg = MinSizeRel|x64
		{BC300B47-B671-4B9A-AA9A-5B781A8BE76B}.MinSizeRel|x64.Build.0 = MinSizeRel|x64
		{BC300B47-B671-4B9A-AA9A-5B781A8BE76B}.RelWithDebInfo|x64.ActiveCfg = RelWithDebInfo|x64
		{BC300B47-B671-4B9A-AA9A-5B781A8BE76B}.RelWithDebInfo|x64.Build.0 = RelWithDebInfo|x64
		{CCA41CE7-8F46-4AC7-B628-3BC3C03E74D6}.Debug|x64.ActiveCfg = Debug|x64
		{CCA41CE7-8F46-4AC7-B628-3BC3C03E74D6}.Debug|x64.Build.0 = Debug|x64
		{CCA41CE7-8F46-4AC7-B628-3BC3C03E74D6}.Release|x64.ActiveCfg = Release|x64
		{CCA41CE7-8F46-4AC7-B628-3BC3C03E74D6}.Release|x64.Build.0 = Release|x64
		{CCA41CE7-8F46-4AC7-B628-3BC3C03E74D6}.MinSizeRel|x64.ActiveCfg = MinSizeRel|x64
		{CCA41CE7-8F46-4AC7-B628-3BC3C03E74D6}.MinSizeRel|x64.Build.0 = MinSizeRel|x64
		{CCA41CE7-8F46-4AC7-B628-3BC3C03E74D6}.RelWithDebInfo|x64.ActiveCfg = RelWithDebInfo|x64
		{CCA41CE7-8F46-4AC7-B628-3BC3C03E74D6}.RelWithDebInfo|x64.Build.0 = RelWithDebInfo|x64
		{BC119A95-036B-450C-A7D8-777F5F8231A0}.Debug|x64.ActiveCfg = Debug|x64
		{BC119A95-036B-450C-A7D8-777F5F8231A0}.Debug|x64.Build.0 = Debug|x64
		{BC119A95-036B-450C-A7D8-777F5F8231A0}.Release|x64.ActiveCfg = Release|x64
		{BC119A95-036B-450C-A7D8-777F5F8231A0}.Release|x64.Build.0 = Release|x64
		{BC119A95-036B-450C-A7D8-777F5F8231A0}.MinSizeRel|x64.ActiveCfg = MinSizeRel|x64
		{BC119A95-036B-450C-A7D8-777F5F8231A0}.MinSizeRel|x64.Build.0 = MinSizeRel|x64
		{BC119A95-036B-450C-A7D8-777F5F8231A0}.RelWithDebInfo|x64.ActiveCfg = RelWithDebInfo|x64
		{BC119A95-036B-450C-A7D8-777F5F8231A0}.RelWithDebInfo|x64.Build.0 = RelWithDebInfo|x64
		{9F474099-53CC-4E0F-BD40-D7B24123316B}.Debug|x64.ActiveCfg = Debug|x64
		{9F474099-53CC-4E0F-BD40-D7B24123316B}.Debug|x64.Build.0 = Debug|x64
		{9F474099-53CC-4E0F-BD40-D7B24123316B}.Release|x64.ActiveCfg = Release|x64
		{9F474099-53CC-4E0F-BD40-D7B24123316B}.Release|x64.Build.0 = Release|x64
		{9F474099-53CC-4E0F-BD40-D7B24123316B}.MinSizeRel|x64.ActiveCfg = MinSizeRel|x64
		{9F474099-53CC-4E0F-BD40-D7B24123316B}.MinSizeRel|x64.Build.0 = MinSizeRel|x64
		{9F474099-53CC-4E0F-BD40-D7B24123316B}.RelWithDebInfo|x64.ActiveCfg = RelWithDebInfo|x64
		{9F474099-53CC-4E0F-BD40-D7B24123316B}.RelWithDebInfo|x64.Build.0 = RelWithDebInfo|x64
		{B7C7B33B-BAAF-4409-A47D-4A9A26D5755E}.Debug|x64.ActiveCfg = Debug|x64
		{B7C7B33B-BAAF-4409-A47D-4A9A26D5755E}.Debug|x64.Build.0 = Debug|x64
		{B7C7B33B-BAAF-4409-A47D-4A9A26D5755E}.Release|x64.ActiveCfg = Release|x64
		{B7C7B33B-BAAF-4409-A47D-4A9A26D5755E}.Release|x64.Build.0 = Release|x64
		{B7C7B33B-BAAF-4409-A47D-4A9A26D5755E}.MinSizeRel|x64.ActiveCfg = MinSizeRel|x64
		{B7C7B33B-BAAF-4409-A47D-4A9A26D5755E}.MinSizeRel|x64.Build.0 = MinSizeRel|x64
		{B7C7B33B-BAAF-4409-A47D-4A9A26D5755E}.RelWithDebInfo|x64.ActiveCfg = RelWithDebInfo|x64
		{B7C7B33B-BAAF-4409-A47D-4A9A26D5755E}.RelWithDebInfo|x64.Build.0 = RelWithDebInfo|x64
		{EDC86C94-3780-4F3B-B18D-6DF7CC568F0E}.Debug|x64.ActiveCfg = Debug|x64
		{EDC86C94-3780-4F3B-B18D-6DF7CC568F0E}.Debug|x64.Build.0 = Debug|x64
		{EDC86C94-3780-4F3B-B18D-6DF7CC568F0E}.Release|x64.ActiveCfg = Release|x64
		{EDC86C94-3780-4F3B-B18D-6DF7CC568F0E}.Release|x64.Build.0 = Release|x64
		{EDC86C94-3780-4F3B-B18D-6DF7CC568F0E}.MinSizeRel|x64.ActiveCfg = MinSizeRel|x64
		{EDC86C94-3780-4F3B-B18D-6DF7CC568F0E}.MinSizeRel|x64.Build.0 = MinSizeRel|x64
		{EDC86C94-3780-4F3B-B18D-6DF7CC568F0E}.RelWithDebInfo|x64.ActiveCfg = RelWithDebInfo|x64
		{EDC86C94-3780-4F3B-B18D-6DF7CC568F0E}.RelWithDebInfo|x64.Build.0 = RelWithDebInfo|x64
		{F31E63EF-0AC9-4BA5-9B9B-16650915BAD1}.Debug|x64.ActiveCfg = Debug|x64
		{F31E63EF-0AC9-4BA5-9B9B-16650915BAD1}.Debug|x64.Build.0 = Debug|x64
		{F31E63EF-0AC9-4BA5-9B9B-16650915BAD1}.Release|x64.ActiveCfg = Release|x64
		{F31E63EF-0AC9-4BA5-9B9B-16650915BAD1}.Release|x64.Build.0 = Release|x64
		{F31E63EF-0AC9-4BA5-9B9B-16650915BAD1}.MinSizeRel|x64.ActiveCfg = MinSizeRel|x64
		{F31E63EF-0AC9-4BA5-9B9B-16650915BAD1}.MinSizeRel|x64.Build.0 = MinSizeRel|x64
		{F31E63EF-0AC9-4BA5-9B9B-16650915BAD1}.RelWithDebInfo|x64.ActiveCfg = RelWithDebInfo|x64
		{F31E63EF-0AC9-4BA5-9B9B-16650915BAD1}.RelWithDebInfo|x64.Build.0 = RelWithDebInfo|x64
		{A1F69D70-AF2A-48FD-A29E-819756416047}.Debug|x64.ActiveCfg = Debug|x64
		{A1F69D70-AF2A-48FD-A29E-819756416047}.Debug|x64.Build.0 = Debug|x64
		{A1F69D70-AF2A-48FD-A29E-819756416047}.Release|x64.ActiveCfg = Release|x64
		{A1F69D70-AF2A-48FD-A29E-819756416047}.Release|x64.Build.0 = Release|x64
		{A1F69D70-AF2A-48FD-A29E-819756416047}.MinSizeRel|x64.ActiveCfg = MinSizeRel|x64
		{A1F69D70-AF2A-48FD-A29E-819756416047}.MinSizeRel|x64.Build.0 = MinSizeRel|x64
		{A1F69D70-AF2A-48FD-A29E-819756416047}.RelWithDebInfo|x64.ActiveCfg = RelWithDebInfo|x64
		{A1F69D70-AF2A-48FD-A29E-819756416047}.RelWithDebInfo|x64.Build.0 = RelWithDebInfo|x64
		{3507BA76-4115-4497-844D-E92B9AF90BC1}.Debug|x64.ActiveCfg = Debug|x64
		{3507BA76-4115-4497-844D-E92B9AF90BC1}.Debug|x64.Build.0 = Debug|x64
		{3507BA76-4115-4497-844D-E92B9AF90BC1}.Release|x64.ActiveCfg = Release|x64
		{3507BA76-4115-4497-844D-E92B9AF90BC1}.Release|x64.Build.0 = Release|x64
		{3507BA76-4115-4497-844D-E92B9AF90BC1}.MinSizeRel|x64.ActiveCfg = MinSizeRel|x64
		{3507BA76-4115-4497-844D-E92B9AF90BC1}.MinSizeRel|x64.Build.0 = MinSizeRel|x64
		{3507BA76-4115-4497-844D-E92B9AF90BC1}.RelWithDebInfo|x64.ActiveCfg = RelWithDebInfo|x64
		{3507BA76-4115-4497-844D-E92B9AF90BC1}.RelWithDebInfo|x64.Build.0 = RelWithDebInfo|x64
	EndGlobalSection
	GlobalSection(ExtensibilityGlobals) = postSolution
	EndGlobalSection
	GlobalSection(ExtensibilityAddIns) = postSolution
	EndGlobalSection
EndGlobal
